
Microsoft Visual Studio Solution File, Format Version 12.00
# Visual Studio Version 17
VisualStudioVersion = 17.4.33205.214
MinimumVisualStudioVersion = 10.0.40219.1
Project("{9A19103F-16F7-4668-BE54-9A1E7A4F7556}") = "Website", "src\Website\Website.csproj", "{58D1BE9B-2B0A-403F-B109-0572A6228253}"
EndProject
Project("{9A19103F-16F7-4668-BE54-9A1E7A4F7556}") = "Website.Biz", "src\Website.Biz\Website.Biz.csproj", "{910CB625-E798-47B5-8B1A-3682664079F9}"
EndProject
Project("{9A19103F-16F7-4668-BE54-9A1E7A4F7556}") = "Website.Entity", "src\Website.Entity\Website.Entity.csproj", "{AB521D2B-0CE6-4AF9-A3B9-1847918A916E}"
EndProject
Project("{9A19103F-16F7-4668-BE54-9A1E7A4F7556}") = "Website.Shared", "src\Website.Shared\Website.Shared.csproj", "{990401BF-D508-4984-A276-08764BAF01ED}"
EndProject
Global
	GlobalSection(SolutionConfigurationPlatforms) = preSolution
		Debug|Any CPU = Debug|Any CPU
		Release|Any CPU = Release|Any CPU
	EndGlobalSection
	GlobalSection(ProjectConfigurationPlatforms) = postSolution
		{58D1BE9B-2B0A-403F-B109-0572A6228253}.Debug|Any CPU.ActiveCfg = Debug|Any CPU
		{58D1BE9B-2B0A-403F-B109-0572A6228253}.Debug|Any CPU.Build.0 = Debug|Any CPU
		{58D1BE9B-2B0A-403F-B109-0572A6228253}.Release|Any CPU.ActiveCfg = Release|Any CPU
		{58D1BE9B-2B0A-403F-B109-0572A6228253}.Release|Any CPU.Build.0 = Release|Any CPU
		{910CB625-E798-47B5-8B1A-3682664079F9}.Debug|Any CPU.ActiveCfg = Debug|Any CPU
		{910CB625-E798-47B5-8B1A-3682664079F9}.Debug|Any CPU.Build.0 = Debug|Any CPU
		{910CB625-E798-47B5-8B1A-3682664079F9}.Release|Any CPU.ActiveCfg = Release|Any CPU
		{910CB625-E798-47B5-8B1A-3682664079F9}.Release|Any CPU.Build.0 = Release|Any CPU
		{AB521D2B-0CE6-4AF9-A3B9-1847918A916E}.Debug|Any CPU.ActiveCfg = Debug|Any CPU
		{AB521D2B-0CE6-4AF9-A3B9-1847918A916E}.Debug|Any CPU.Build.0 = Debug|Any CPU
		{AB521D2B-0CE6-4AF9-A3B9-1847918A916E}.Release|Any CPU.ActiveCfg = Release|Any CPU
		{AB521D2B-0CE6-4AF9-A3B9-1847918A916E}.Release|Any CPU.Build.0 = Release|Any CPU
		{990401BF-D508-4984-A276-08764BAF01ED}.Debug|Any CPU.ActiveCfg = Debug|Any CPU
		{990401BF-D508-4984-A276-08764BAF01ED}.Debug|Any CPU.Build.0 = Debug|Any CPU
		{990401BF-D508-4984-A276-08764BAF01ED}.Release|Any CPU.ActiveCfg = Release|Any CPU
		{990401BF-D508-4984-A276-08764BAF01ED}.Release|Any CPU.Build.0 = Release|Any CPU
	EndGlobalSection
	GlobalSection(SolutionProperties) = preSolution
		HideSolutionNode = FALSE
	EndGlobalSection
	GlobalSection(ExtensibilityGlobals) = postSolution
		SolutionGuid = {B51AD581-B13C-46EC-86F6-213EE9E9235C}
	EndGlobalSection
EndGlobal
